
Microsoft Visual Studio Solution File, Format Version 12.00
# Visual Studio Version 16
VisualStudioVersion = 16.0.29926.136
MinimumVisualStudioVersion = 10.0.40219.1
Project("{FAE04EC0-301F-11D3-BF4B-00C04F79EFBC}") = "OsobyMVVM", "OsobyMVVM\OsobyMVVM.csproj", "{E1B5D313-C7CC-479E-91ED-3A32E638C76F}"
EndProject
Global
	GlobalSection(SolutionConfigurationPlatforms) = preSolution
		Debug|Any CPU = Debug|Any CPU
		Release|Any CPU = Release|Any CPU
	EndGlobalSection
	GlobalSection(ProjectConfigurationPlatforms) = postSolution
		{E1B5D313-C7CC-479E-91ED-3A32E638C76F}.Debug|Any CPU.ActiveCfg = Debug|Any CPU
		{E1B5D313-C7CC-479E-91ED-3A32E638C76F}.Debug|Any CPU.Build.0 = Debug|Any CPU
		{E1B5D313-C7CC-479E-91ED-3A32E638C76F}.Release|Any CPU.ActiveCfg = Release|Any CPU
		{E1B5D313-C7CC-479E-91ED-3A32E638C76F}.Release|Any CPU.Build.0 = Release|Any CPU
	EndGlobalSection
	GlobalSection(SolutionProperties) = preSolution
		HideSolutionNode = FALSE
	EndGlobalSection
	GlobalSection(ExtensibilityGlobals) = postSolution
		SolutionGuid = {F4ECF671-D19A-40DA-8CDB-6FD93F3A8277}
	EndGlobalSection
EndGlobal
